# Generated by buf. DO NOT EDIT.
version: v1
deps:
  - remote: buf.build
    owner: googleapis
    repository: googleapis
    commit: cc916c31859748a68fd229a3c8d7a2e8
    digest: shake256:469b049d0eb04203d5272062636c078decefc96fec69739159c25d85349c50c34c7706918a8b216c5c27f76939df48452148cff8c5c3ae77fa6ba5c25c1b8bf8
  - remote: buf.build
    owner: ysugimoto
    repository: grpc-graphql-gateway
    commit: 5bbe51f0268c413ba31bc3c2f117ba9a
    digest: shake256:80c13dc1789040266533b61b625874ce26985abd3d79121c08c7175344391b77855685b8831c893b90a1587764f3ad686f14cd0a9d6db527d8d42a9687b3fc95
